{
  "version": 4,
  "terraform_version": "1.6.6",
  "serial": 27,
  "lineage": "ebf26d51-85cc-0bed-fcd0-41400e4adf34",
  "outputs": {
    "endpoint": {
      "value": "https://111EAB04D89850AF7509685A2B924EED.gr7.us-east-2.eks.amazonaws.com",
      "type": "string"
    },
    "kubeconfig-certificate-authority-data": {
      "value": [
        {
          "data": "LS0tLS1CRUdJTiBDRVJUSUZJQ0FURS0tLS0tCk1JSURCVENDQWUyZ0F3SUJBZ0lJQ3k3eHRjTjl5YW93RFFZSktvWklodmNOQVFFTEJRQXdGVEVUTUJFR0ExVUUKQXhNS2EzVmlaWEp1WlhSbGN6QWVGdzB5TXpFeU16QXdNelF4TkRGYUZ3MHpNekV5TWpjd016UTJOREZhTUJVeApFekFSQmdOVkJBTVRDbXQxWW1WeWJtVjBaWE13Z2dFaU1BMEdDU3FHU0liM0RRRUJBUVVBQTRJQkR3QXdnZ0VLCkFvSUJBUUNYY2x4S2s2dnZwYWxIUUE4dHp2TVFTTTVzNXluU0VQYVRiSzFwT1hMQTI5MGFObVZhcXRFYlgyM20KNlNDV09qNXM1YzNYSnl3bjNLQmhCQjNqWFFEM2VlQWRkSXQwOGRSb0tFL29ic2QwUUJwN05TRWg0ZnV5M0VtVQp0ZkpFUmdtdXNvbnRES3hUVVlXSzd1YW0yV294WjIxdGwwY1V4VVdEY1JzOU5udlhJMWdHZ1pDYk1yMDJjRElnCk8vUGV4aEQrUHc1ejV3L1Z6ZkNpeGVscE5QcUhTcmN5MnFUTjNVVkpDcndLSXQ1aGp3cEJyU09PMzNWaFFVNFkKK0FscDMzSVZkRTg3Q1Q5dnN1cHZKV2ZZY0tTK1JiRC8vVTNiUVBDUjJ2bXdmYmljdUs2NzVpWDlGZngzMFFBcQpHNmtwOW90OXIwazBNbVVkR0RDMHpEUVE0MHkzQWdNQkFBR2pXVEJYTUE0R0ExVWREd0VCL3dRRUF3SUNwREFQCkJnTlZIUk1CQWY4RUJUQURBUUgvTUIwR0ExVWREZ1FXQkJUTFZQVURBRXNhV2RNeFJvRmtMWXA5S25rQTZEQVYKQmdOVkhSRUVEakFNZ2dwcmRXSmxjbTVsZEdWek1BMEdDU3FHU0liM0RRRUJDd1VBQTRJQkFRQi9pV1Z4dit4agpNRDBaMi9QdjRWbStkNWpvdmNEKzBMS0hFelhQWjdSRll5eXhCaEEyWWs1cVpPbm9IOU1zZDZuaXZ0SWovTXpTClRFbEorWHFuRU9qS0trdmx1RS94ZUQ3eTRYamh6YlFkQkN3QlZacTRTbWczQy82bVBmWm92OUUySG50WmZ4UEwKSE5mSG55d1JrMGdsdDIybXlQWVRaSjFndHcvaDlNN2lJQnpWV1JEcU5PUUNmYXFIWG55cE9wNW1neEIyT1J6OApiM3p1UnRDYlZMQWhkSm1oMjdaZGExbEpJT282L3ZtNUZNRTFDTm5FSFNPZGEvN1c5ZkxBT0FaSVdQK3V6VlVGCmdseWdOelU5eExUZS9odkJJY3VXU3p5RWU1Z0hudzgxbE9TRU5tL1FtdGQvMVdncVhGaUZ6cFZJKzU2Ti9keEQKek9ieHhMdEhLOEpmCi0tLS0tRU5EIENFUlRJRklDQVRFLS0tLS0K"
        }
      ],
      "type": [
        "list",
        [
          "object",
          {
            "data": "string"
          }
        ]
      ]
    }
  },
  "resources": [
    {
      "mode": "data",
      "type": "aws_iam_role",
      "name": "existing_cluster_role",
      "provider": "provider[\"registry.terraform.io/hashicorp/aws\"]",
      "instances": [
        {
          "schema_version": 0,
          "attributes": {
            "arn": "arn:aws:iam::663525704276:role/eksClusterRole",
            "assume_role_policy": "{\"Version\":\"2012-10-17\",\"Statement\":[{\"Effect\":\"Allow\",\"Principal\":{\"Service\":\"eks.amazonaws.com\"},\"Action\":\"sts:AssumeRole\"}]}",
            "create_date": "2023-12-27T06:07:46Z",
            "description": "Allows access to other AWS service resources that are required to operate clusters managed by EKS.",
            "id": "eksClusterRole",
            "max_session_duration": 3600,
            "name": "eksClusterRole",
            "path": "/",
            "permissions_boundary": "",
            "role_last_used": [
              {
                "last_used_date": "2023-12-30T03:28:23Z",
                "region": "us-east-2"
              }
            ],
            "tags": {},
            "unique_id": "AROAZU7JWYJKIEZ7V7HTA"
          },
          "sensitive_attributes": []
        }
      ]
    },
    {
      "mode": "data",
      "type": "aws_iam_role",
      "name": "existing_node_role",
      "provider": "provider[\"registry.terraform.io/hashicorp/aws\"]",
      "instances": [
        {
          "schema_version": 0,
          "attributes": {
            "arn": "arn:aws:iam::663525704276:role/ec2-base-role",
            "assume_role_policy": "{\"Version\":\"2012-10-17\",\"Statement\":[{\"Effect\":\"Allow\",\"Principal\":{\"Service\":\"ec2.amazonaws.com\"},\"Action\":\"sts:AssumeRole\"}]}",
            "create_date": "2023-12-21T21:22:23Z",
            "description": "Allows EC2 instances to call AWS services on your behalf.",
            "id": "ec2-base-role",
            "max_session_duration": 3600,
            "name": "ec2-base-role",
            "path": "/",
            "permissions_boundary": "",
            "role_last_used": [
              {
                "last_used_date": "2023-12-29T23:17:29Z",
                "region": "us-east-2"
              }
            ],
            "tags": {},
            "unique_id": "AROAZU7JWYJKA5MZG77JI"
          },
          "sensitive_attributes": []
        }
      ]
    },
    {
      "mode": "data",
      "type": "aws_subnet",
      "name": "existing-subnet-1",
      "provider": "provider[\"registry.terraform.io/hashicorp/aws\"]",
      "instances": [
        {
          "schema_version": 0,
          "attributes": {
            "arn": "arn:aws:ec2:us-east-2:663525704276:subnet/subnet-0f970040f3bc14ccf",
            "assign_ipv6_address_on_creation": false,
            "availability_zone": "us-east-2b",
            "availability_zone_id": "use2-az2",
            "available_ip_address_count": 4090,
            "cidr_block": "172.31.16.0/20",
            "customer_owned_ipv4_pool": "",
            "default_for_az": true,
            "enable_dns64": false,
            "enable_lni_at_device_index": 0,
            "enable_resource_name_dns_a_record_on_launch": false,
            "enable_resource_name_dns_aaaa_record_on_launch": false,
            "filter": null,
            "id": "subnet-0f970040f3bc14ccf",
            "ipv6_cidr_block": "",
            "ipv6_cidr_block_association_id": "",
            "ipv6_native": false,
            "map_customer_owned_ip_on_launch": false,
            "map_public_ip_on_launch": true,
            "outpost_arn": "",
            "owner_id": "663525704276",
            "private_dns_hostname_type_on_launch": "ip-name",
            "state": "available",
            "tags": {},
            "timeouts": null,
            "vpc_id": "vpc-01e201c25ebb5ea5c"
          },
          "sensitive_attributes": []
        }
      ]
    },
    {
      "mode": "data",
      "type": "aws_subnet",
      "name": "existing-subnet-2",
      "provider": "provider[\"registry.terraform.io/hashicorp/aws\"]",
      "instances": [
        {
          "schema_version": 0,
          "attributes": {
            "arn": "arn:aws:ec2:us-east-2:663525704276:subnet/subnet-014af580176f14aa2",
            "assign_ipv6_address_on_creation": false,
            "availability_zone": "us-east-2c",
            "availability_zone_id": "use2-az3",
            "available_ip_address_count": 4090,
            "cidr_block": "172.31.32.0/20",
            "customer_owned_ipv4_pool": "",
            "default_for_az": true,
            "enable_dns64": false,
            "enable_lni_at_device_index": 0,
            "enable_resource_name_dns_a_record_on_launch": false,
            "enable_resource_name_dns_aaaa_record_on_launch": false,
            "filter": null,
            "id": "subnet-014af580176f14aa2",
            "ipv6_cidr_block": "",
            "ipv6_cidr_block_association_id": "",
            "ipv6_native": false,
            "map_customer_owned_ip_on_launch": false,
            "map_public_ip_on_launch": true,
            "outpost_arn": "",
            "owner_id": "663525704276",
            "private_dns_hostname_type_on_launch": "ip-name",
            "state": "available",
            "tags": {},
            "timeouts": null,
            "vpc_id": "vpc-01e201c25ebb5ea5c"
          },
          "sensitive_attributes": []
        }
      ]
    },
    {
      "mode": "data",
      "type": "aws_vpc",
      "name": "existing-vpc",
      "provider": "provider[\"registry.terraform.io/hashicorp/aws\"]",
      "instances": [
        {
          "schema_version": 0,
          "attributes": {
            "arn": "arn:aws:ec2:us-east-2:663525704276:vpc/vpc-01e201c25ebb5ea5c",
            "cidr_block": "172.31.0.0/16",
            "cidr_block_associations": [
              {
                "association_id": "vpc-cidr-assoc-03b0465292288ef42",
                "cidr_block": "172.31.0.0/16",
                "state": "associated"
              }
            ],
            "default": true,
            "dhcp_options_id": "dopt-05262f47c13333238",
            "enable_dns_hostnames": true,
            "enable_dns_support": true,
            "enable_network_address_usage_metrics": false,
            "filter": null,
            "id": "vpc-01e201c25ebb5ea5c",
            "instance_tenancy": "default",
            "ipv6_association_id": "",
            "ipv6_cidr_block": "",
            "main_route_table_id": "rtb-08718c2cab82e4420",
            "owner_id": "663525704276",
            "state": null,
            "tags": {},
            "timeouts": null
          },
          "sensitive_attributes": []
        }
      ]
    },
    {
      "mode": "managed",
      "type": "aws_eks_cluster",
      "name": "eks_cluster_terraform",
      "provider": "provider[\"registry.terraform.io/hashicorp/aws\"]",
      "instances": [
        {
          "schema_version": 0,
          "attributes": {
            "arn": "arn:aws:eks:us-east-2:663525704276:cluster/eks_cluster_terraform",
            "certificate_authority": [
              {
                "data": "LS0tLS1CRUdJTiBDRVJUSUZJQ0FURS0tLS0tCk1JSURCVENDQWUyZ0F3SUJBZ0lJQ3k3eHRjTjl5YW93RFFZSktvWklodmNOQVFFTEJRQXdGVEVUTUJFR0ExVUUKQXhNS2EzVmlaWEp1WlhSbGN6QWVGdzB5TXpFeU16QXdNelF4TkRGYUZ3MHpNekV5TWpjd016UTJOREZhTUJVeApFekFSQmdOVkJBTVRDbXQxWW1WeWJtVjBaWE13Z2dFaU1BMEdDU3FHU0liM0RRRUJBUVVBQTRJQkR3QXdnZ0VLCkFvSUJBUUNYY2x4S2s2dnZwYWxIUUE4dHp2TVFTTTVzNXluU0VQYVRiSzFwT1hMQTI5MGFObVZhcXRFYlgyM20KNlNDV09qNXM1YzNYSnl3bjNLQmhCQjNqWFFEM2VlQWRkSXQwOGRSb0tFL29ic2QwUUJwN05TRWg0ZnV5M0VtVQp0ZkpFUmdtdXNvbnRES3hUVVlXSzd1YW0yV294WjIxdGwwY1V4VVdEY1JzOU5udlhJMWdHZ1pDYk1yMDJjRElnCk8vUGV4aEQrUHc1ejV3L1Z6ZkNpeGVscE5QcUhTcmN5MnFUTjNVVkpDcndLSXQ1aGp3cEJyU09PMzNWaFFVNFkKK0FscDMzSVZkRTg3Q1Q5dnN1cHZKV2ZZY0tTK1JiRC8vVTNiUVBDUjJ2bXdmYmljdUs2NzVpWDlGZngzMFFBcQpHNmtwOW90OXIwazBNbVVkR0RDMHpEUVE0MHkzQWdNQkFBR2pXVEJYTUE0R0ExVWREd0VCL3dRRUF3SUNwREFQCkJnTlZIUk1CQWY4RUJUQURBUUgvTUIwR0ExVWREZ1FXQkJUTFZQVURBRXNhV2RNeFJvRmtMWXA5S25rQTZEQVYKQmdOVkhSRUVEakFNZ2dwcmRXSmxjbTVsZEdWek1BMEdDU3FHU0liM0RRRUJDd1VBQTRJQkFRQi9pV1Z4dit4agpNRDBaMi9QdjRWbStkNWpvdmNEKzBMS0hFelhQWjdSRll5eXhCaEEyWWs1cVpPbm9IOU1zZDZuaXZ0SWovTXpTClRFbEorWHFuRU9qS0trdmx1RS94ZUQ3eTRYamh6YlFkQkN3QlZacTRTbWczQy82bVBmWm92OUUySG50WmZ4UEwKSE5mSG55d1JrMGdsdDIybXlQWVRaSjFndHcvaDlNN2lJQnpWV1JEcU5PUUNmYXFIWG55cE9wNW1neEIyT1J6OApiM3p1UnRDYlZMQWhkSm1oMjdaZGExbEpJT282L3ZtNUZNRTFDTm5FSFNPZGEvN1c5ZkxBT0FaSVdQK3V6VlVGCmdseWdOelU5eExUZS9odkJJY3VXU3p5RWU1Z0hudzgxbE9TRU5tL1FtdGQvMVdncVhGaUZ6cFZJKzU2Ti9keEQKek9ieHhMdEhLOEpmCi0tLS0tRU5EIENFUlRJRklDQVRFLS0tLS0K"
              }
            ],
            "cluster_id": null,
            "created_at": "2023-12-30 03:42:19.094 +0000 UTC",
            "enabled_cluster_log_types": null,
            "encryption_config": [],
            "endpoint": "https://111EAB04D89850AF7509685A2B924EED.gr7.us-east-2.eks.amazonaws.com",
            "id": "eks_cluster_terraform",
            "identity": [
              {
                "oidc": [
                  {
                    "issuer": "https://oidc.eks.us-east-2.amazonaws.com/id/111EAB04D89850AF7509685A2B924EED"
                  }
                ]
              }
            ],
            "kubernetes_network_config": [
              {
                "ip_family": "ipv4",
                "service_ipv4_cidr": "10.100.0.0/16",
                "service_ipv6_cidr": ""
              }
            ],
            "name": "eks_cluster_terraform",
            "outpost_config": [],
            "platform_version": "eks.6",
            "role_arn": "arn:aws:iam::663525704276:role/eksClusterRole",
            "status": "ACTIVE",
            "tags": {
              "Project": "EKS-via-terraform"
            },
            "tags_all": {
              "Project": "EKS-via-terraform"
            },
            "timeouts": null,
            "version": "1.28",
            "vpc_config": [
              {
                "cluster_security_group_id": "sg-0c411d704ec48d79f",
                "endpoint_private_access": false,
                "endpoint_public_access": true,
                "public_access_cidrs": [
                  "0.0.0.0/0"
                ],
                "security_group_ids": null,
                "subnet_ids": [
                  "subnet-014af580176f14aa2",
                  "subnet-0f970040f3bc14ccf"
                ],
                "vpc_id": "vpc-01e201c25ebb5ea5c"
              }
            ]
          },
          "sensitive_attributes": [],
          "private": "eyJlMmJmYjczMC1lY2FhLTExZTYtOGY4OC0zNDM2M2JjN2M0YzAiOnsiY3JlYXRlIjoxODAwMDAwMDAwMDAwLCJkZWxldGUiOjkwMDAwMDAwMDAwMCwidXBkYXRlIjozNjAwMDAwMDAwMDAwfX0=",
          "dependencies": [
            "data.aws_iam_role.existing_cluster_role",
            "data.aws_subnet.existing-subnet-1",
            "data.aws_subnet.existing-subnet-2"
          ]
        }
      ]
    },
    {
      "mode": "managed",
      "type": "aws_eks_node_group",
      "name": "node_group_terraform",
      "provider": "provider[\"registry.terraform.io/hashicorp/aws\"]",
      "instances": [
        {
          "schema_version": 0,
          "attributes": {
            "ami_type": "AL2_x86_64",
            "arn": "arn:aws:eks:us-east-2:663525704276:nodegroup/eks_cluster_terraform/node_group_terraform/c4c65c6b-66f9-b43f-7cff-2b92d8e5f4d1",
            "capacity_type": "ON_DEMAND",
            "cluster_name": "eks_cluster_terraform",
            "disk_size": 20,
            "force_update_version": null,
            "id": "eks_cluster_terraform:node_group_terraform",
            "instance_types": [
              "t3.small"
            ],
            "labels": {
              "role": "spot"
            },
            "launch_template": [],
            "node_group_name": "node_group_terraform",
            "node_group_name_prefix": "",
            "node_role_arn": "arn:aws:iam::663525704276:role/ec2-base-role",
            "release_version": "1.28.3-20231201",
            "remote_access": [],
            "resources": [
              {
                "autoscaling_groups": [
                  {
                    "name": "eks-node_group_terraform-c4c65c6b-66f9-b43f-7cff-2b92d8e5f4d1"
                  }
                ],
                "remote_access_security_group_id": ""
              }
            ],
            "scaling_config": [
              {
                "desired_size": 1,
                "max_size": 2,
                "min_size": 1
              }
            ],
            "status": "ACTIVE",
            "subnet_ids": [
              "subnet-014af580176f14aa2",
              "subnet-0f970040f3bc14ccf"
            ],
            "tags": {
              "Project": "EKS-via-terraform"
            },
            "tags_all": {
              "Project": "EKS-via-terraform"
            },
            "taint": [],
            "timeouts": null,
            "update_config": [
              {
                "max_unavailable": 1,
                "max_unavailable_percentage": 0
              }
            ],
            "version": "1.28"
          },
          "sensitive_attributes": [],
          "private": "eyJlMmJmYjczMC1lY2FhLTExZTYtOGY4OC0zNDM2M2JjN2M0YzAiOnsiY3JlYXRlIjozNjAwMDAwMDAwMDAwLCJkZWxldGUiOjM2MDAwMDAwMDAwMDAsInVwZGF0ZSI6MzYwMDAwMDAwMDAwMH19",
          "dependencies": [
            "aws_eks_cluster.eks_cluster_terraform",
            "data.aws_iam_role.existing_cluster_role",
            "data.aws_iam_role.existing_node_role",
            "data.aws_subnet.existing-subnet-1",
            "data.aws_subnet.existing-subnet-2"
          ]
        }
      ]
    }
  ],
  "check_results": null
}
